
Microsoft Visual Studio Solution File, Format Version 12.00
# Visual Studio Version 16
VisualStudioVersion = 16.0.30011.22
MinimumVisualStudioVersion = 10.0.40219.1
Project("{8BC9CEB8-8B4A-11D0-8D11-00A0C91BC942}") = "1", "1.vcxproj", "{0DB90C97-A4BD-4930-8EA7-B250881CECC8}"
EndProject
Global
	GlobalSection(SolutionConfigurationPlatforms) = preSolution
		Debug|x64 = Debug|x64
		Debug|x86 = Debug|x86
		Release|x64 = Release|x64
		Release|x86 = Release|x86
	EndGlobalSection
	GlobalSection(ProjectConfigurationPlatforms) = postSolution
		{0DB90C97-A4BD-4930-8EA7-B250881CECC8}.Debug|x64.ActiveCfg = Debug|x64
		{0DB90C97-A4BD-4930-8EA7-B250881CECC8}.Debug|x64.Build.0 = Debug|x64
		{0DB90C97-A4BD-4930-8EA7-B250881CECC8}.Debug|x86.ActiveCfg = Debug|Win32
		{0DB90C97-A4BD-4930-8EA7-B250881CECC8}.Debug|x86.Build.0 = Debug|Win32
		{0DB90C97-A4BD-4930-8EA7-B250881CECC8}.Release|x64.ActiveCfg = Release|x64
		{0DB90C97-A4BD-4930-8EA7-B250881CECC8}.Release|x64.Build.0 = Release|x64
		{0DB90C97-A4BD-4930-8EA7-B250881CECC8}.Release|x86.ActiveCfg = Release|Win32
		{0DB90C97-A4BD-4930-8EA7-B250881CECC8}.Release|x86.Build.0 = Release|Win32
	EndGlobalSection
	GlobalSection(SolutionProperties) = preSolution
		HideSolutionNode = FALSE
	EndGlobalSection
	GlobalSection(ExtensibilityGlobals) = postSolution
		SolutionGuid = {787BB591-F305-4C7D-8E36-FB0C9F85871C}
	EndGlobalSection
EndGlobal
